
Microsoft Visual Studio Solution File, Format Version 12.00
# Visual Studio Version 17
VisualStudioVersion = 17.9.34701.34
MinimumVisualStudioVersion = 10.0.40219.1
Project("{FAE04EC0-301F-11D3-BF4B-00C04F79EFBC}") = "nestHome", "nestHome\nestHome.csproj", "{DA694D78-F8BC-4C8B-B787-ABDEF7B1E83F}"
EndProject
Global
	GlobalSection(SolutionConfigurationPlatforms) = preSolution
		Debug|Any CPU = Debug|Any CPU
		Release|Any CPU = Release|Any CPU
	EndGlobalSection
	GlobalSection(ProjectConfigurationPlatforms) = postSolution
		{DA694D78-F8BC-4C8B-B787-ABDEF7B1E83F}.Debug|Any CPU.ActiveCfg = Debug|Any CPU
		{DA694D78-F8BC-4C8B-B787-ABDEF7B1E83F}.Debug|Any CPU.Build.0 = Debug|Any CPU
		{DA694D78-F8BC-4C8B-B787-ABDEF7B1E83F}.Release|Any CPU.ActiveCfg = Release|Any CPU
		{DA694D78-F8BC-4C8B-B787-ABDEF7B1E83F}.Release|Any CPU.Build.0 = Release|Any CPU
	EndGlobalSection
	GlobalSection(SolutionProperties) = preSolution
		HideSolutionNode = FALSE
	EndGlobalSection
	GlobalSection(ExtensibilityGlobals) = postSolution
		SolutionGuid = {50126486-F1B1-4B62-BA5C-67DEF181BD54}
	EndGlobalSection
EndGlobal
